
Microsoft Visual Studio Solution File, Format Version 12.00
# Visual Studio Version 16
VisualStudioVersion = 16.0.30907.101
MinimumVisualStudioVersion = 10.0.40219.1
Project("{FAE04EC0-301F-11D3-BF4B-00C04F79EFBC}") = "Interfaces2", "Interfaces2\Interfaces2.csproj", "{ACB9D8E3-5696-44BB-8713-6360CF257BA2}"
EndProject
Global
	GlobalSection(SolutionConfigurationPlatforms) = preSolution
		Debug|Any CPU = Debug|Any CPU
		Release|Any CPU = Release|Any CPU
	EndGlobalSection
	GlobalSection(ProjectConfigurationPlatforms) = postSolution
		{ACB9D8E3-5696-44BB-8713-6360CF257BA2}.Debug|Any CPU.ActiveCfg = Debug|Any CPU
		{ACB9D8E3-5696-44BB-8713-6360CF257BA2}.Debug|Any CPU.Build.0 = Debug|Any CPU
		{ACB9D8E3-5696-44BB-8713-6360CF257BA2}.Release|Any CPU.ActiveCfg = Release|Any CPU
		{ACB9D8E3-5696-44BB-8713-6360CF257BA2}.Release|Any CPU.Build.0 = Release|Any CPU
	EndGlobalSection
	GlobalSection(SolutionProperties) = preSolution
		HideSolutionNode = FALSE
	EndGlobalSection
	GlobalSection(ExtensibilityGlobals) = postSolution
		SolutionGuid = {C03A8DDA-4CE3-4989-AA0D-C8F1B5811138}
	EndGlobalSection
EndGlobal
